# This file is automatically @generated by Poetry 2.4.1 and should not be changed by hand.

[[package]]
name = "prompt-toolkit"
version = "3.0.53"
description = "Library for building powerful interactive command lines in Python"
optional = false
python-versions = ">=3.10"
groups = ["main"]
files = [
    {file = "prompt_toolkit-3.0.53-py3-none-any.whl", hash = "sha256:01c0891d7f9237d5e339f7d3e42cdae80b7534abb1c7c0e3352efba6231492f2"},
    {file = "prompt_toolkit-3.0.53.tar.gz", hash = "sha256:9ec8a0ad96d5c56148b3f914aa79c1564c3fde5d2e6b876e7bc327e353cf8fa6"},
]

[package.dependencies]
wcwidth = ">=0.1.4"

[[package]]
name = "wcwidth"
version = "0.8.2"
description = "Measures the displayed width of unicode strings in a terminal"
optional = false
python-versions = ">=3.8"
groups = ["main"]
files = [
    {file = "wcwidth-0.8.2-py3-none-any.whl", hash = "sha256:d63947694a0539a1d51e01eda7caf800c291020e6cdd7e28ad7b14dd33ad4f85"},
    {file = "wcwidth-0.8.2.tar.gz", hash = "sha256:91fbef97204b96a3d4d421609b80340b760cf33e26da123ff243d76b1fda8dda"},
]

[metadata]
lock-version = "2.1"
python-versions = ">=3.11"
content-hash = "fed5c5f25f5be82e45b7b5c41ad1a1f080319bd218346aa502ee60e867f04476"
